
Microsoft Visual Studio Solution File, Format Version 12.00
# Visual Studio Version 17
VisualStudioVersion = 17.5.33424.131
MinimumVisualStudioVersion = 10.0.40219.1
Project("{9A19103F-16F7-4668-BE54-9A1E7A4F7556}") = "ProductCatalog", "ProductCatalog\ProductCatalog.csproj", "{7C88D686-744D-4A78-8886-FEB270B02491}"
EndProject
Project("{9A19103F-16F7-4668-BE54-9A1E7A4F7556}") = "FunctionApp", "FunctionApp\FunctionApp.csproj", "{EFD011B9-B50B-4E3C-9A22-E0F20509AE24}"
EndProject
Global
	GlobalSection(SolutionConfigurationPlatforms) = preSolution
		Debug|Any CPU = Debug|Any CPU
		Release|Any CPU = Release|Any CPU
	EndGlobalSection
	GlobalSection(ProjectConfigurationPlatforms) = postSolution
		{7C88D686-744D-4A78-8886-FEB270B02491}.Debug|Any CPU.ActiveCfg = Debug|Any CPU
		{7C88D686-744D-4A78-8886-FEB270B02491}.Debug|Any CPU.Build.0 = Debug|Any CPU
		{7C88D686-744D-4A78-8886-FEB270B02491}.Release|Any CPU.ActiveCfg = Release|Any CPU
		{7C88D686-744D-4A78-8886-FEB270B02491}.Release|Any CPU.Build.0 = Release|Any CPU
		{EFD011B9-B50B-4E3C-9A22-E0F20509AE24}.Debug|Any CPU.ActiveCfg = Debug|Any CPU
		{EFD011B9-B50B-4E3C-9A22-E0F20509AE24}.Debug|Any CPU.Build.0 = Debug|Any CPU
		{EFD011B9-B50B-4E3C-9A22-E0F20509AE24}.Release|Any CPU.ActiveCfg = Release|Any CPU
		{EFD011B9-B50B-4E3C-9A22-E0F20509AE24}.Release|Any CPU.Build.0 = Release|Any CPU
	EndGlobalSection
	GlobalSection(SolutionProperties) = preSolution
		HideSolutionNode = FALSE
	EndGlobalSection
	GlobalSection(ExtensibilityGlobals) = postSolution
		SolutionGuid = {CB67EA20-66E7-4AB7-8957-67857BAC94D0}
	EndGlobalSection
EndGlobal
